
Microsoft Visual Studio Solution File, Format Version 12.00
# Visual Studio Version 17
VisualStudioVersion = 17.4.33213.308
MinimumVisualStudioVersion = 10.0.40219.1
Project("{2150E333-8FDC-42A3-9474-1A3956D46DE8}") = "src", "src", "{2048B217-5E03-4339-95FA-457B0FF246DC}"
EndProject
Project("{2150E333-8FDC-42A3-9474-1A3956D46DE8}") = "tests", "tests", "{FCC18B37-BAAC-4350-8EFA-9ABCDAACBF14}"
EndProject
Project("{9A19103F-16F7-4668-BE54-9A1E7A4F7556}") = "MyFlix.Catalog.UnitTests", "tests\MyFlix.CatalogUnitTests\MyFlix.Catalog.UnitTests.csproj", "{C8902F74-F21B-46E1-8283-57CB7ED33544}"
EndProject
Project("{9A19103F-16F7-4668-BE54-9A1E7A4F7556}") = "MyFlix.Catalog.Domain", "src\MyFlix.Domain\MyFlix.Catalog.Domain.csproj", "{D8A64222-FB70-4DB8-9813-E7F35963F809}"
EndProject
Project("{9A19103F-16F7-4668-BE54-9A1E7A4F7556}") = "MyFlix.Catalog.Application", "src\MyFlix.Catalog.Application\MyFlix.Catalog.Application.csproj", "{E5E35EA7-51FC-4F93-B0CE-EBD38F1382F9}"
EndProject
Project("{9A19103F-16F7-4668-BE54-9A1E7A4F7556}") = "MyFlix.Catalog.IntegrationTest", "tests\MyFlix.Catalog.IntegrationTest\MyFlix.Catalog.IntegrationTest.csproj", "{A7C27093-DD2D-4136-802D-F04C00A105D2}"
EndProject
Project("{9A19103F-16F7-4668-BE54-9A1E7A4F7556}") = "MyFlix.Catalog.Infra.Data.EF", "src\MyFlix.Catalog.Infra.Data.EF\MyFlix.Catalog.Infra.Data.EF.csproj", "{7BC09335-CE15-4387-A8CB-319491117460}"
EndProject
Project("{9A19103F-16F7-4668-BE54-9A1E7A4F7556}") = "MyFlix.Catalog.EndToEndTest", "tests\MyFlix.Catalog.EndToEndTest\MyFlix.Catalog.EndToEndTest.csproj", "{8F4CCA3E-5834-4A7D-AD75-A94860C63946}"
EndProject
Project("{9A19103F-16F7-4668-BE54-9A1E7A4F7556}") = "MyFlix.Catalog.Api", "src\MyFlix.Catalog.Api\MyFlix.Catalog.Api.csproj", "{8B9254D1-E72E-4652-9761-91FEB6C5FE84}"
EndProject
Project("{2150E333-8FDC-42A3-9474-1A3956D46DE8}") = "env", "env", "{6CE53F53-D9CC-45F8-AEE6-2BA2050C68CE}"
	ProjectSection(SolutionItems) = preProject
		docker-compose.yml = docker-compose.yml
	EndProjectSection
EndProject
Global
	GlobalSection(SolutionConfigurationPlatforms) = preSolution
		Debug|Any CPU = Debug|Any CPU
		Release|Any CPU = Release|Any CPU
	EndGlobalSection
	GlobalSection(ProjectConfigurationPlatforms) = postSolution
		{C8902F74-F21B-46E1-8283-57CB7ED33544}.Debug|Any CPU.ActiveCfg = Debug|Any CPU
		{C8902F74-F21B-46E1-8283-57CB7ED33544}.Debug|Any CPU.Build.0 = Debug|Any CPU
		{C8902F74-F21B-46E1-8283-57CB7ED33544}.Release|Any CPU.ActiveCfg = Release|Any CPU
		{C8902F74-F21B-46E1-8283-57CB7ED33544}.Release|Any CPU.Build.0 = Release|Any CPU
		{D8A64222-FB70-4DB8-9813-E7F35963F809}.Debug|Any CPU.ActiveCfg = Debug|Any CPU
		{D8A64222-FB70-4DB8-9813-E7F35963F809}.Debug|Any CPU.Build.0 = Debug|Any CPU
		{D8A64222-FB70-4DB8-9813-E7F35963F809}.Release|Any CPU.ActiveCfg = Release|Any CPU
		{D8A64222-FB70-4DB8-9813-E7F35963F809}.Release|Any CPU.Build.0 = Release|Any CPU
		{E5E35EA7-51FC-4F93-B0CE-EBD38F1382F9}.Debug|Any CPU.ActiveCfg = Debug|Any CPU
		{E5E35EA7-51FC-4F93-B0CE-EBD38F1382F9}.Debug|Any CPU.Build.0 = Debug|Any CPU
		{E5E35EA7-51FC-4F93-B0CE-EBD38F1382F9}.Release|Any CPU.ActiveCfg = Release|Any CPU
		{E5E35EA7-51FC-4F93-B0CE-EBD38F1382F9}.Release|Any CPU.Build.0 = Release|Any CPU
		{A7C27093-DD2D-4136-802D-F04C00A105D2}.Debug|Any CPU.ActiveCfg = Debug|Any CPU
		{A7C27093-DD2D-4136-802D-F04C00A105D2}.Debug|Any CPU.Build.0 = Debug|Any CPU
		{A7C27093-DD2D-4136-802D-F04C00A105D2}.Release|Any CPU.ActiveCfg = Release|Any CPU
		{A7C27093-DD2D-4136-802D-F04C00A105D2}.Release|Any CPU.Build.0 = Release|Any CPU
		{7BC09335-CE15-4387-A8CB-319491117460}.Debug|Any CPU.ActiveCfg = Debug|Any CPU
		{7BC09335-CE15-4387-A8CB-319491117460}.Debug|Any CPU.Build.0 = Debug|Any CPU
		{7BC09335-CE15-4387-A8CB-319491117460}.Release|Any CPU.ActiveCfg = Release|Any CPU
		{7BC09335-CE15-4387-A8CB-319491117460}.Release|Any CPU.Build.0 = Release|Any CPU
		{8F4CCA3E-5834-4A7D-AD75-A94860C63946}.Debug|Any CPU.ActiveCfg = Debug|Any CPU
		{8F4CCA3E-5834-4A7D-AD75-A94860C63946}.Debug|Any CPU.Build.0 = Debug|Any CPU
		{8F4CCA3E-5834-4A7D-AD75-A94860C63946}.Release|Any CPU.ActiveCfg = Release|Any CPU
		{8F4CCA3E-5834-4A7D-AD75-A94860C63946}.Release|Any CPU.Build.0 = Release|Any CPU
		{8B9254D1-E72E-4652-9761-91FEB6C5FE84}.Debug|Any CPU.ActiveCfg = Debug|Any CPU
		{8B9254D1-E72E-4652-9761-91FEB6C5FE84}.Debug|Any CPU.Build.0 = Debug|Any CPU
		{8B9254D1-E72E-4652-9761-91FEB6C5FE84}.Release|Any CPU.ActiveCfg = Release|Any CPU
		{8B9254D1-E72E-4652-9761-91FEB6C5FE84}.Release|Any CPU.Build.0 = Release|Any CPU
	EndGlobalSection
	GlobalSection(SolutionProperties) = preSolution
		HideSolutionNode = FALSE
	EndGlobalSection
	GlobalSection(NestedProjects) = preSolution
		{C8902F74-F21B-46E1-8283-57CB7ED33544} = {FCC18B37-BAAC-4350-8EFA-9ABCDAACBF14}
		{D8A64222-FB70-4DB8-9813-E7F35963F809} = {2048B217-5E03-4339-95FA-457B0FF246DC}
		{E5E35EA7-51FC-4F93-B0CE-EBD38F1382F9} = {2048B217-5E03-4339-95FA-457B0FF246DC}
		{A7C27093-DD2D-4136-802D-F04C00A105D2} = {FCC18B37-BAAC-4350-8EFA-9ABCDAACBF14}
		{7BC09335-CE15-4387-A8CB-319491117460} = {2048B217-5E03-4339-95FA-457B0FF246DC}
		{8F4CCA3E-5834-4A7D-AD75-A94860C63946} = {FCC18B37-BAAC-4350-8EFA-9ABCDAACBF14}
		{8B9254D1-E72E-4652-9761-91FEB6C5FE84} = {2048B217-5E03-4339-95FA-457B0FF246DC}
	EndGlobalSection
	GlobalSection(ExtensibilityGlobals) = postSolution
		SolutionGuid = {A621BC41-C55C-4E8F-A7B8-B5BC56115A67}
	EndGlobalSection
EndGlobal
